
Microsoft Visual Studio Solution File, Format Version 12.00
# Visual Studio Version 16
VisualStudioVersion = 16.0.30204.135
MinimumVisualStudioVersion = 10.0.40219.1
Project("{FAE04EC0-301F-11D3-BF4B-00C04F79EFBC}") = "CakeShop_app", "CakeShop_app\CakeShop_app.csproj", "{C1018D5A-1F31-49CB-B98F-7460E595D34D}"
EndProject
Global
	GlobalSection(SolutionConfigurationPlatforms) = preSolution
		Debug|Any CPU = Debug|Any CPU
		Release|Any CPU = Release|Any CPU
	EndGlobalSection
	GlobalSection(ProjectConfigurationPlatforms) = postSolution
		{C1018D5A-1F31-49CB-B98F-7460E595D34D}.Debug|Any CPU.ActiveCfg = Debug|Any CPU
		{C1018D5A-1F31-49CB-B98F-7460E595D34D}.Debug|Any CPU.Build.0 = Debug|Any CPU
		{C1018D5A-1F31-49CB-B98F-7460E595D34D}.Release|Any CPU.ActiveCfg = Release|Any CPU
		{C1018D5A-1F31-49CB-B98F-7460E595D34D}.Release|Any CPU.Build.0 = Release|Any CPU
	EndGlobalSection
	GlobalSection(SolutionProperties) = preSolution
		HideSolutionNode = FALSE
	EndGlobalSection
	GlobalSection(ExtensibilityGlobals) = postSolution
		SolutionGuid = {1C702CC7-F1CD-4ED7-A0A9-E1A9AFB79D26}
	EndGlobalSection
EndGlobal
